
Microsoft Visual Studio Solution File, Format Version 12.00
# Visual Studio 2013
VisualStudioVersion = 12.0.30501.0
MinimumVisualStudioVersion = 10.0.40219.1
Project("{FAE04EC0-301F-11D3-BF4B-00C04F79EFBC}") = "Natan.LojaVirtual.Dominio", "Natan.LojaVirtual.Dominio\Natan.LojaVirtual.Dominio\Natan.LojaVirtual.Dominio.csproj", "{2A40D26B-B47C-450D-AACA-0066F1D6A134}"
EndProject
Project("{FAE04EC0-301F-11D3-BF4B-00C04F79EFBC}") = "Natan.LojaVirtual.Web", "Natan.LojaVirtual.Web\Natan.LojaVirtual.Web.csproj", "{85689021-C526-4A2B-B4AD-09B4B48236FE}"
EndProject
Project("{FAE04EC0-301F-11D3-BF4B-00C04F79EFBC}") = "Natan.LojaVirtual.UnitTest", "Natan.LojaVirtual.UnitTest\Natan.LojaVirtual.UnitTest.csproj", "{FF0AF771-5D41-4391-A580-79B395D3E049}"
EndProject
Global
	GlobalSection(SolutionConfigurationPlatforms) = preSolution
		Debug|Any CPU = Debug|Any CPU
		Release|Any CPU = Release|Any CPU
	EndGlobalSection
	GlobalSection(ProjectConfigurationPlatforms) = postSolution
		{2A40D26B-B47C-450D-AACA-0066F1D6A134}.Debug|Any CPU.ActiveCfg = Debug|Any CPU
		{2A40D26B-B47C-450D-AACA-0066F1D6A134}.Debug|Any CPU.Build.0 = Debug|Any CPU
		{2A40D26B-B47C-450D-AACA-0066F1D6A134}.Release|Any CPU.ActiveCfg = Release|Any CPU
		{2A40D26B-B47C-450D-AACA-0066F1D6A134}.Release|Any CPU.Build.0 = Release|Any CPU
		{85689021-C526-4A2B-B4AD-09B4B48236FE}.Debug|Any CPU.ActiveCfg = Debug|Any CPU
		{85689021-C526-4A2B-B4AD-09B4B48236FE}.Debug|Any CPU.Build.0 = Debug|Any CPU
		{85689021-C526-4A2B-B4AD-09B4B48236FE}.Release|Any CPU.ActiveCfg = Release|Any CPU
		{85689021-C526-4A2B-B4AD-09B4B48236FE}.Release|Any CPU.Build.0 = Release|Any CPU
		{FF0AF771-5D41-4391-A580-79B395D3E049}.Debug|Any CPU.ActiveCfg = Debug|Any CPU
		{FF0AF771-5D41-4391-A580-79B395D3E049}.Debug|Any CPU.Build.0 = Debug|Any CPU
		{FF0AF771-5D41-4391-A580-79B395D3E049}.Release|Any CPU.ActiveCfg = Release|Any CPU
		{FF0AF771-5D41-4391-A580-79B395D3E049}.Release|Any CPU.Build.0 = Release|Any CPU
	EndGlobalSection
	GlobalSection(SolutionProperties) = preSolution
		HideSolutionNode = FALSE
	EndGlobalSection
EndGlobal
